
Microsoft Visual Studio Solution File, Format Version 12.00
# Visual Studio Version 17
VisualStudioVersion = 17.9.34622.214
MinimumVisualStudioVersion = 10.0.40219.1
Project("{FAE04EC0-301F-11D3-BF4B-00C04F79EFBC}") = "target-challenge-4-e-5", "target-challenge-4-e-5\target-challenge-4-e-5.csproj", "{3877837E-159D-4032-9917-D9FC97BB1EA6}"
EndProject
Global
	GlobalSection(SolutionConfigurationPlatforms) = preSolution
		Debug|Any CPU = Debug|Any CPU
		Release|Any CPU = Release|Any CPU
	EndGlobalSection
	GlobalSection(ProjectConfigurationPlatforms) = postSolution
		{3877837E-159D-4032-9917-D9FC97BB1EA6}.Debug|Any CPU.ActiveCfg = Debug|Any CPU
		{3877837E-159D-4032-9917-D9FC97BB1EA6}.Debug|Any CPU.Build.0 = Debug|Any CPU
		{3877837E-159D-4032-9917-D9FC97BB1EA6}.Release|Any CPU.ActiveCfg = Release|Any CPU
		{3877837E-159D-4032-9917-D9FC97BB1EA6}.Release|Any CPU.Build.0 = Release|Any CPU
	EndGlobalSection
	GlobalSection(SolutionProperties) = preSolution
		HideSolutionNode = FALSE
	EndGlobalSection
	GlobalSection(ExtensibilityGlobals) = postSolution
		SolutionGuid = {DE2E2AB1-7418-4B78-BC1E-8766247DA243}
	EndGlobalSection
EndGlobal
