
Microsoft Visual Studio Solution File, Format Version 12.00
# Visual Studio Version 17
VisualStudioVersion = 17.9.34622.214
MinimumVisualStudioVersion = 10.0.40219.1
Project("{FAE04EC0-301F-11D3-BF4B-00C04F79EFBC}") = "target-challenge-1", "target-challenge-1\target-challenge-1.csproj", "{40BDE3AD-90CC-4585-BBD7-94B21A001B5B}"
EndProject
Global
	GlobalSection(SolutionConfigurationPlatforms) = preSolution
		Debug|Any CPU = Debug|Any CPU
		Release|Any CPU = Release|Any CPU
	EndGlobalSection
	GlobalSection(ProjectConfigurationPlatforms) = postSolution
		{40BDE3AD-90CC-4585-BBD7-94B21A001B5B}.Debug|Any CPU.ActiveCfg = Debug|Any CPU
		{40BDE3AD-90CC-4585-BBD7-94B21A001B5B}.Debug|Any CPU.Build.0 = Debug|Any CPU
		{40BDE3AD-90CC-4585-BBD7-94B21A001B5B}.Release|Any CPU.ActiveCfg = Release|Any CPU
		{40BDE3AD-90CC-4585-BBD7-94B21A001B5B}.Release|Any CPU.Build.0 = Release|Any CPU
	EndGlobalSection
	GlobalSection(SolutionProperties) = preSolution
		HideSolutionNode = FALSE
	EndGlobalSection
	GlobalSection(ExtensibilityGlobals) = postSolution
		SolutionGuid = {6B539BF1-9E0E-4145-8274-BEE2F9FFEC2D}
	EndGlobalSection
EndGlobal
